
Microsoft Visual Studio Solution File, Format Version 12.00
# Visual Studio Version 16
VisualStudioVersion = 16.0.29519.87
MinimumVisualStudioVersion = 10.0.40219.1
Project("{888888A0-9F3D-457C-B088-3A5042F75D52}") = "millionaireGame", "millionaireGame.pyproj", "{EA0B38D2-662A-4C2C-8034-FEB17E483024}"
EndProject
Global
	GlobalSection(SolutionConfigurationPlatforms) = preSolution
		Debug|Any CPU = Debug|Any CPU
		Release|Any CPU = Release|Any CPU
	EndGlobalSection
	GlobalSection(ProjectConfigurationPlatforms) = postSolution
		{EA0B38D2-662A-4C2C-8034-FEB17E483024}.Debug|Any CPU.ActiveCfg = Debug|Any CPU
		{EA0B38D2-662A-4C2C-8034-FEB17E483024}.Release|Any CPU.ActiveCfg = Release|Any CPU
	EndGlobalSection
	GlobalSection(SolutionProperties) = preSolution
		HideSolutionNode = FALSE
	EndGlobalSection
	GlobalSection(ExtensibilityGlobals) = postSolution
		SolutionGuid = {76A089BE-A99F-4482-9986-989674FEBE79}
	EndGlobalSection
EndGlobal
